
Microsoft Visual Studio Solution File, Format Version 12.00
# Visual Studio 2017
Project("{FAE04EC0-301F-11D3-BF4B-00C04F79EFBC}") = "Virtual_Logic_Labs", "Virtual_Logic_Labs.csproj", "{C29E2CC5-2208-884C-870E-02A956461982}"
EndProject
Global
	GlobalSection(SolutionConfigurationPlatforms) = preSolution
		Debug|Any CPU = Debug|Any CPU
		Release|Any CPU = Release|Any CPU
	EndGlobalSection
	GlobalSection(ProjectConfigurationPlatforms) = postSolution
		{C29E2CC5-2208-884C-870E-02A956461982}.Debug|Any CPU.ActiveCfg = Debug|Any CPU
		{C29E2CC5-2208-884C-870E-02A956461982}.Debug|Any CPU.Build.0 = Debug|Any CPU
		{C29E2CC5-2208-884C-870E-02A956461982}.Release|Any CPU.ActiveCfg = Release|Any CPU
		{C29E2CC5-2208-884C-870E-02A956461982}.Release|Any CPU.Build.0 = Release|Any CPU
	EndGlobalSection
	GlobalSection(SolutionProperties) = preSolution
		HideSolutionNode = FALSE
	EndGlobalSection
EndGlobal
